github.com/Eyevinn/mp4ff v0.59.0 h1:FkuG2kEuLCdWw561mRRuIic7ehTH24Oy1OJ1t6AFyAs=
github.com/Eyevinn/mp4ff v0.59.0/go.mod h1:3EZTsioPJ4xTLZEBBkVWoyd7UHnGp4vzwoEJ7lmr3CQ=
github.com/ebitengine/purego v0.11.1 h1:2zpWRSQNVKN4eKsKO9eM1ILDgWfYMY9GwqRmK6XeQ/0=
github.com/ebitengine/purego v0.11.1/go.mod h1:DCHPP08djqhNSoTfImcnHYQRZmd0qhakvrozqaEYhGQ=
github.com/go-test/deep v1.1.0 h1:WOcxcdHcvdgThNXjw0t76K42FXTU7HpNQWHpA2HHNlg=
github.com/go-test/deep v1.1.0/go.mod h1:5C2ZWiW0ErCdrYzpqxLbTX7MG14M9iiw8DgHncVwcsE=
golang.org/x/sys v0.48.0 h1:bbX/i/6MgT9BVLM9RT1thmxL04yeTAhbEz4SyadbXoo=
golang.org/x/sys v0.48.0/go.mod h1:hNLxWAXmnKAxqDtdwIYC4bM9oQPEecfsnNMuSxOs3og=
